// !$*UTF8*$!
{
	archiveVersion = 1;
	classes = {
	};
	objectVersion = 46;
	objects = {

/* Begin PBXBuildFile section */
		90DC1FCE1A85B46B006296D2 /* AppDelegate.swift in Sources */ = {isa = PBXBuildFile; fileRef = 90DC1FCD1A85B46B006296D2 /* AppDelegate.swift */; };
		90DC1FD01A85B46B006296D2 /* ViewController.swift in Sources */ = {isa = PBXBuildFile; fileRef = 90DC1FCF1A85B46B006296D2 /* ViewController.swift */; };
		90DC1FD31A85B46B006296D2 /* Main.storyboard in Resources */ = {isa = PBXBuildFile; fileRef = 90DC1FD11A85B46B006296D2 /* Main.storyboard */; };
		90DC1FD51A85B46B006296D2 /* Images.xcassets in Resources */ = {isa = PBXBuildFile; fileRef = 90DC1FD41A85B46B006296D2 /* Images.xcassets */; };
		90DC1FD81A85B46B006296D2 /* LaunchScreen.xib in Resources */ = {isa = PBXBuildFile; fileRef = 90DC1FD61A85B46B006296D2 /* LaunchScreen.xib */; };
		90DC1FE41A85B46B006296D2 /* iBeaconTransmitterTests.swift in Sources */ = {isa = PBXBuildFile; fileRef = 90DC1FE31A85B46B006296D2 /* iBeaconTransmitterTests.swift */; };
		90DC1FF01A85B96C006296D2 /* ibeacon.png in Resources */ = {isa = PBXBuildFile; fileRef = 90DC1FEF1A85B96C006296D2 /* ibeacon.png */; };
/* End PBXBuildFile section */

/* Begin PBXContainerItemProxy section */
		90DC1FDE1A85B46B006296D2 /* PBXContainerItemProxy */ = {
			isa = PBXContainerItemProxy;
			containerPortal = 90DC1FC01A85B46B006296D2 /* Project object */;
			proxyType = 1;
			remoteGlobalIDString = 90DC1FC71A85B46B006296D2;
			remoteInfo = iBeaconTransmitter;
		};
/* End PBXContainerItemProxy section */

/* Begin PBXFileReference section */
		90DC1FC81A85B46B006296D2 /* iBeaconTransmitter.app */ = {isa = PBXFileReference; explicitFileType = wrapper.application; includeInIndex = 0; path = iBeaconTransmitter.app; sourceTree = BUILT_PRODUCTS_DIR; };
		90DC1FCC1A85B46B006296D2 /* Info.plist */ = {isa = PBXFileReference; lastKnownFileType = text.plist.xml; path = Info.plist; sourceTree = "<group>"; };
		90DC1FCD1A85B46B006296D2 /* AppDelegate.swift */ = {isa = PBXFileReference; lastKnownFileType = sourcecode.swift; path = AppDelegate.swift; sourceTree = "<group>"; };
		90DC1FCF1A85B46B006296D2 /* ViewController.swift */ = {isa = PBXFileReference; lastKnownFileType = sourcecode.swift; path = ViewController.swift; sourceTree = "<group>"; };
		90DC1FD21A85B46B006296D2 /* Base */ = {isa = PBXFileReference; lastKnownFileType = file.storyboard; name = Base; path = Base.lproj/Main.storyboard; sourceTree = "<group>"; };
		90DC1FD41A85B46B006296D2 /* Images.xcassets */ = {isa = PBXFileReference; lastKnownFileType = folder.assetcatalog; path = Images.xcassets; sourceTree = "<group>"; };
		90DC1FD71A85B46B006296D2 /* Base */ = {isa = PBXFileReference; lastKnownFileType = file.xib; name = Base; path = Base.lproj/LaunchScreen.xib; sourceTree = "<group>"; };
		90DC1FDD1A85B46B006296D2 /* iBeaconTransmitterTests.xctest */ = {isa = PBXFileReference; explicitFileType = wrapper.cfbundle; includeInIndex = 0; path = iBeaconTransmitterTests.xctest; sourceTree = BUILT_PRODUCTS_DIR; };
		90DC1FE21A85B46B006296D2 /* Info.plist */ = {isa = PBXFileReference; lastKnownFileType = text.plist.xml; path = Info.plist; sourceTree = "<group>"; };
		90DC1FE31A85B46B006296D2 /* iBeaconTransmitterTests.swift */ = {isa = PBXFileReference; lastKnownFileType = sourcecode.swift; path = iBeaconTransmitterTests.swift; sourceTree = "<group>"; };
		90DC1FEF1A85B96C006296D2 /* ibeacon.png */ = {isa = PBXFileReference; lastKnownFileType = image.png; path = ibeacon.png; sourceTree = "<group>"; };
/* End PBXFileReference section */

/* Begin PBXFrameworksBuildPhase section */
		90DC1FC51A85B46B006296D2 /* Frameworks */ = {
			isa = PBXFrameworksBuildPhase;
			buildActionMask = 2147483647;
			files = (
			);
			runOnlyForDeploymentPostprocessing = 0;
		};
		90DC1FDA1A85B46B006296D2 /* Frameworks */ = {
			isa = PBXFrameworksBuildPhase;
			buildActionMask = 2147483647;
			files = (
			);
			runOnlyForDeploymentPostprocessing = 0;
		};
/* End PBXFrameworksBuildPhase section */

/* Begin PBXGroup section */
		90DC1FBF1A85B46B006296D2 = {
			isa = PBXGroup;
			children = (
				90DC1FCA1A85B46B006296D2 /* iBeaconTransmitter */,
				90DC1FE01A85B46B006296D2 /* iBeaconTransmitterTests */,
				90DC1FC91A85B46B006296D2 /* Products */,
			);
			sourceTree = "<group>";
		};
		90DC1FC91A85B46B006296D2 /* Products */ = {
			isa = PBXGroup;
			children = (
				90DC1FC81A85B46B006296D2 /* iBeaconTransmitter.app */,
				90DC1FDD1A85B46B006296D2 /* iBeaconTransmitterTests.xctest */,
			);
			name = Products;
			sourceTree = "<group>";
		};
		90DC1FCA1A85B46B006296D2 /* iBeaconTransmitter */ = {
			isa = PBXGroup;
			children = (
				90DC1FCD1A85B46B006296D2 /* AppDelegate.swift */,
				90DC1FEF1A85B96C006296D2 /* ibeacon.png */,
				90DC1FCF1A85B46B006296D2 /* ViewController.swift */,
				90DC1FD11A85B46B006296D2 /* Main.storyboard */,
				90DC1FD41A85B46B006296D2 /* Images.xcassets */,
				90DC1FD61A85B46B006296D2 /* LaunchScreen.xib */,
				90DC1FCB1A85B46B006296D2 /* Supporting Files */,
			);
			path = iBeaconTransmitter;
			sourceTree = "<group>";
		};
		90DC1FCB1A85B46B006296D2 /* Supporting Files */ = {
			isa = PBXGroup;
			children = (
				90DC1FCC1A85B46B006296D2 /* Info.plist */,
			);
			name = "Supporting Files";
			sourceTree = "<group>";
		};
		90DC1FE01A85B46B006296D2 /* iBeaconTransmitterTests */ = {
			isa = PBXGroup;
			children = (
				90DC1FE31A85B46B006296D2 /* iBeaconTransmitterTests.swift */,
				90DC1FE11A85B46B006296D2 /* Supporting Files */,
			);
			path = iBeaconTransmitterTests;
			sourceTree = "<group>";
		};
		90DC1FE11A85B46B006296D2 /* Supporting Files */ = {
			isa = PBXGroup;
			children = (
				90DC1FE21A85B46B006296D2 /* Info.plist */,
			);
			name = "Supporting Files";
			sourceTree = "<group>";
		};
/* End PBXGroup section */

/* Begin PBXNativeTarget section */
		90DC1FC71A85B46B006296D2 /* iBeaconTransmitter */ = {
			isa = PBXNativeTarget;
			buildConfigurationList = 90DC1FE71A85B46B006296D2 /* Build configuration list for PBXNativeTarget "iBeaconTransmitter" */;
			buildPhases = (
				90DC1FC41A85B46B006296D2 /* Sources */,
				90DC1FC51A85B46B006296D2 /* Frameworks */,
				90DC1FC61A85B46B006296D2 /* Resources */,
			);
			buildRules = (
			);
			dependencies = (
			);
			name = iBeaconTransmitter;
			productName = iBeaconTransmitter;
			productReference = 90DC1FC81A85B46B006296D2 /* iBeaconTransmitter.app */;
			productType = "com.apple.product-type.application";
		};
		90DC1FDC1A85B46B006296D2 /* iBeaconTransmitterTests */ = {
			isa = PBXNativeTarget;
			buildConfigurationList = 90DC1FEA1A85B46B006296D2 /* Build configuration list for PBXNativeTarget "iBeaconTransmitterTests" */;
			buildPhases = (
				90DC1FD91A85B46B006296D2 /* Sources */,
				90DC1FDA1A85B46B006296D2 /* Frameworks */,
				90DC1FDB1A85B46B006296D2 /* Resources */,
			);
			buildRules = (
			);
			dependencies = (
				90DC1FDF1A85B46B006296D2 /* PBXTargetDependency */,
			);
			name = iBeaconTransmitterTests;
			productName = iBeaconTransmitterTests;
			productReference = 90DC1FDD1A85B46B006296D2 /* iBeaconTransmitterTests.xctest */;
			productType = "com.apple.product-type.bundle.unit-test";
		};
/* End PBXNativeTarget section */

/* Begin PBXProject section */
		90DC1FC01A85B46B006296D2 /* Project object */ = {
			isa = PBXProject;
			attributes = {
				LastUpgradeCheck = 0610;
				ORGANIZATIONNAME = "Sasaki Akira";
				TargetAttributes = {
					90DC1FC71A85B46B006296D2 = {
						CreatedOnToolsVersion = 6.1.1;
						DevelopmentTeam = 7D7Z93T4FG;
					};
					90DC1FDC1A85B46B006296D2 = {
						CreatedOnToolsVersion = 6.1.1;
						TestTargetID = 90DC1FC71A85B46B006296D2;
					};
				};
			};
			buildConfigurationList = 90DC1FC31A85B46B006296D2 /* Build configuration list for PBXProject "iBeaconTransmitter" */;
			compatibilityVersion = "Xcode 3.2";
			developmentRegion = English;
			hasScannedForEncodings = 0;
			knownRegions = (
				en,
				Base,
			);
			mainGroup = 90DC1FBF1A85B46B006296D2;
			productRefGroup = 90DC1FC91A85B46B006296D2 /* Products */;
			projectDirPath = "";
			projectRoot = "";
			targets = (
				90DC1FC71A85B46B006296D2 /* iBeaconTransmitter */,
				90DC1FDC1A85B46B006296D2 /* iBeaconTransmitterTests */,
			);
		};
/* End PBXProject section */

/* Begin PBXResourcesBuildPhase section */
		90DC1FC61A85B46B006296D2 /* Resources */ = {
			isa = PBXResourcesBuildPhase;
			buildActionMask = 2147483647;
			files = (
				90DC1FD31A85B46B006296D2 /* Main.storyboard in Resources */,
				90DC1FF01A85B96C006296D2 /* ibeacon.png in Resources */,
				90DC1FD81A85B46B006296D2 /* LaunchScreen.xib in Resources */,
				90DC1FD51A85B46B006296D2 /* Images.xcassets in Resources */,
			);
			runOnlyForDeploymentPostprocessing = 0;
		};
		90DC1FDB1A85B46B006296D2 /* Resources */ = {
			isa = PBXResourcesBuildPhase;
			buildActionMask = 2147483647;
			files = (
			);
			runOnlyForDeploymentPostprocessing = 0;
		};
/* End PBXResourcesBuildPhase section */

/* Begin PBXSourcesBuildPhase section */
		90DC1FC41A85B46B006296D2 /* Sources */ = {
			isa = PBXSourcesBuildPhase;
			buildActionMask = 2147483647;
			files = (
				90DC1FD01A85B46B006296D2 /* ViewController.swift in Sources */,
				90DC1FCE1A85B46B006296D2 /* AppDelegate.swift in Sources */,
			);
			runOnlyForDeploymentPostprocessing = 0;
		};
		90DC1FD91A85B46B006296D2 /* Sources */ = {
			isa = PBXSourcesBuildPhase;
			buildActionMask = 2147483647;
			files = (
				90DC1FE41A85B46B006296D2 /* iBeaconTransmitterTests.swift in Sources */,
			);
			runOnlyForDeploymentPostprocessing = 0;
		};
/* End PBXSourcesBuildPhase section */

/* Begin PBXTargetDependency section */
		90DC1FDF1A85B46B006296D2 /* PBXTargetDependency */ = {
			isa = PBXTargetDependency;
			target = 90DC1FC71A85B46B006296D2 /* iBeaconTransmitter */;
			targetProxy = 90DC1FDE1A85B46B006296D2 /* PBXContainerItemProxy */;
		};
/* End PBXTargetDependency section */

/* Begin PBXVariantGroup section */
		90DC1FD11A85B46B006296D2 /* Main.storyboard */ = {
			isa = PBXVariantGroup;
			children = (
				90DC1FD21A85B46B006296D2 /* Base */,
			);
			name = Main.storyboard;
			sourceTree = "<group>";
		};
		90DC1FD61A85B46B006296D2 /* LaunchScreen.xib */ = {
			isa = PBXVariantGroup;
			children = (
				90DC1FD71A85B46B006296D2 /* Base */,
			);
			name = LaunchScreen.xib;
			sourceTree = "<group>";
		};
/* End PBXVariantGroup section */

/* Begin XCBuildConfiguration section */
		90DC1FE51A85B46B006296D2 /* Debug */ = {
			isa = XCBuildConfiguration;
			buildSettings = {
				ALWAYS_SEARCH_USER_PATHS = NO;
				CLANG_CXX_LANGUAGE_STANDARD = "gnu++0x";
				CLANG_CXX_LIBRARY = "libc++";
				CLANG_ENABLE_MODULES = YES;
				CLANG_ENABLE_OBJC_ARC = YES;
				CLANG_WARN_BOOL_CONVERSION = YES;
				CLANG_WARN_CONSTANT_CONVERSION = YES;
				CLANG_WARN_DIRECT_OBJC_ISA_USAGE = YES_ERROR;
				CLANG_WARN_EMPTY_BODY = YES;
				CLANG_WARN_ENUM_CONVERSION = YES;
				CLANG_WARN_INT_CONVERSION = YES;
				CLANG_WARN_OBJC_ROOT_CLASS = YES_ERROR;
				CLANG_WARN_UNREACHABLE_CODE = YES;
				CLANG_WARN__DUPLICATE_METHOD_MATCH = YES;
				"CODE_SIGN_IDENTITY[sdk=iphoneos*]" = "iPhone Developer";
				COPY_PHASE_STRIP = NO;
				ENABLE_STRICT_OBJC_MSGSEND = YES;
				GCC_C_LANGUAGE_STANDARD = gnu99;
				GCC_DYNAMIC_NO_PIC = NO;
				GCC_OPTIMIZATION_LEVEL = 0;
				GCC_PREPROCESSOR_DEFINITIONS = (
					"DEBUG=1",
					"$(inherited)",
				);
				GCC_SYMBOLS_PRIVATE_EXTERN = NO;
				GCC_WARN_64_TO_32_BIT_CONVERSION = YES;
				GCC_WARN_ABOUT_RETURN_TYPE = YES_ERROR;
				GCC_WARN_UNDECLARED_SELECTOR = YES;
				GCC_WARN_UNINITIALIZED_AUTOS = YES_AGGRESSIVE;
				GCC_WARN_UNUSED_FUNCTION = YES;
				GCC_WARN_UNUSED_VARIABLE = YES;
				IPHONEOS_DEPLOYMENT_TARGET = 8.0;
				MTL_ENABLE_DEBUG_INFO = YES;
				ONLY_ACTIVE_ARCH = YES;
				SDKROOT = iphoneos;
				SWIFT_OPTIMIZATION_LEVEL = "-Onone";
				TARGETED_DEVICE_FAMILY = "1,2";
			};
			name = Debug;
		};
		90DC1FE61A85B46B006296D2 /* Release */ = {
			isa = XCBuildConfiguration;
			buildSettings = {
				ALWAYS_SEARCH_USER_PATHS = NO;
				CLANG_CXX_LANGUAGE_STANDARD = "gnu++0x";
				CLANG_CXX_LIBRARY = "libc++";
				CLANG_ENABLE_MODULES = YES;
				CLANG_ENABLE_OBJC_ARC = YES;
				CLANG_WARN_BOOL_CONVERSION = YES;
				CLANG_WARN_CONSTANT_CONVERSION = YES;
				CLANG_WARN_DIRECT_OBJC_ISA_USAGE = YES_ERROR;
				CLANG_WARN_EMPTY_BODY = YES;
				CLANG_WARN_ENUM_CONVERSION = YES;
				CLANG_WARN_INT_CONVERSION = YES;
				CLANG_WARN_OBJC_ROOT_CLASS = YES_ERROR;
				CLANG_WARN_UNREACHABLE_CODE = YES;
				CLANG_WARN__DUPLICATE_METHOD_MATCH = YES;
				"CODE_SIGN_IDENTITY[sdk=iphoneos*]" = "iPhone Developer";
				COPY_PHASE_STRIP = YES;
				ENABLE_NS_ASSERTIONS = NO;
				ENABLE_STRICT_OBJC_MSGSEND = YES;
				GCC_C_LANGUAGE_STANDARD = gnu99;
				GCC_WARN_64_TO_32_BIT_CONVERSION = YES;
				GCC_WARN_ABOUT_RETURN_TYPE = YES_ERROR;
				GCC_WARN_UNDECLARED_SELECTOR = YES;
				GCC_WARN_UNINITIALIZED_AUTOS = YES_AGGRESSIVE;
				GCC_WARN_UNUSED_FUNCTION = YES;
				GCC_WARN_UNUSED_VARIABLE = YES;
				IPHONEOS_DEPLOYMENT_TARGET = 8.0;
				MTL_ENABLE_DEBUG_INFO = NO;
				SDKROOT = iphoneos;
				TARGETED_DEVICE_FAMILY = "1,2";
				VALIDATE_PRODUCT = YES;
			};
			name = Release;
		};
		90DC1FE81A85B46B006296D2 /* Debug */ = {
			isa = XCBuildConfiguration;
			buildSettings = {
				ASSETCATALOG_COMPILER_APPICON_NAME = AppIcon;
				INFOPLIST_FILE = iBeaconTransmitter/Info.plist;
				LD_RUNPATH_SEARCH_PATHS = "$(inherited) @executable_path/Frameworks";
				PRODUCT_NAME = "$(TARGET_NAME)";
			};
			name = Debug;
		};
		90DC1FE91A85B46B006296D2 /* Release */ = {
			isa = XCBuildConfiguration;
			buildSettings = {
				ASSETCATALOG_COMPILER_APPICON_NAME = AppIcon;
				INFOPLIST_FILE = iBeaconTransmitter/Info.plist;
				LD_RUNPATH_SEARCH_PATHS = "$(inherited) @executable_path/Frameworks";
				PRODUCT_NAME = "$(TARGET_NAME)";
			};
			name = Release;
		};
		90DC1FEB1A85B46B006296D2 /* Debug */ = {
			isa = XCBuildConfiguration;
			buildSettings = {
				BUNDLE_LOADER = "$(TEST_HOST)";
				FRAMEWORK_SEARCH_PATHS = (
					"$(SDKROOT)/Developer/Library/Frameworks",
					"$(inherited)",
				);
				GCC_PREPROCESSOR_DEFINITIONS = (
					"DEBUG=1",
					"$(inherited)",
				);
				INFOPLIST_FILE = iBeaconTransmitterTests/Info.plist;
				LD_RUNPATH_SEARCH_PATHS = "$(inherited) @executable_path/Frameworks @loader_path/Frameworks";
				PRODUCT_NAME = "$(TARGET_NAME)";
				TEST_HOST = "$(BUILT_PRODUCTS_DIR)/iBeaconTransmitter.app/iBeaconTransmitter";
			};
			name = Debug;
		};
		90DC1FEC1A85B46B006296D2 /* Release */ = {
			isa = XCBuildConfiguration;
			buildSettings = {
				BUNDLE_LOADER = "$(TEST_HOST)";
				FRAMEWORK_SEARCH_PATHS = (
					"$(SDKROOT)/Developer/Library/Frameworks",
					"$(inherited)",
				);
				INFOPLIST_FILE = iBeaconTransmitterTests/Info.plist;
				LD_RUNPATH_SEARCH_PATHS = "$(inherited) @executable_path/Frameworks @loader_path/Frameworks";
				PRODUCT_NAME = "$(TARGET_NAME)";
				TEST_HOST = "$(BUILT_PRODUCTS_DIR)/iBeaconTransmitter.app/iBeaconTransmitter";
			};
			name = Release;
		};
/* End XCBuildConfiguration section */

/* Begin XCConfigurationList section */
		90DC1FC31A85B46B006296D2 /* Build configuration list for PBXProject "iBeaconTransmitter" */ = {
			isa = XCConfigurationList;
			buildConfigurations = (
				90DC1FE51A85B46B006296D2 /* Debug */,
				90DC1FE61A85B46B006296D2 /* Release */,
			);
			defaultConfigurationIsVisible = 0;
			defaultConfigurationName = Release;
		};
		90DC1FE71A85B46B006296D2 /* Build configuration list for PBXNativeTarget "iBeaconTransmitter" */ = {
			isa = XCConfigurationList;
			buildConfigurations = (
				90DC1FE81A85B46B006296D2 /* Debug */,
				90DC1FE91A85B46B006296D2 /* Release */,
			);
			defaultConfigurationIsVisible = 0;
		};
		90DC1FEA1A85B46B006296D2 /* Build configuration list for PBXNativeTarget "iBeaconTransmitterTests" */ = {
			isa = XCConfigurationList;
			buildConfigurations = (
				90DC1FEB1A85B46B006296D2 /* Debug */,
				90DC1FEC1A85B46B006296D2 /* Release */,
			);
			defaultConfigurationIsVisible = 0;
		};
/* End XCConfigurationList section */
	};
	rootObject = 90DC1FC01A85B46B006296D2 /* Project object */;
}
